
Microsoft Visual Studio Solution File, Format Version 12.00
# Visual Studio 15
VisualStudioVersion = 15.0.26430.16
MinimumVisualStudioVersion = 10.0.40219.1
Project("{8BC9CEB8-8B4A-11D0-8D11-00A0C91BC942}") = "osero", "osero\osero.vcxproj", "{BAE7BAA9-83D5-4A3C-8FCD-67654168B960}"
EndProject
Global
	GlobalSection(SolutionConfigurationPlatforms) = preSolution
		Debug|ARM = Debug|ARM
		Debug|x64 = Debug|x64
		Debug|x86 = Debug|x86
		Release|ARM = Release|ARM
		Release|x64 = Release|x64
		Release|x86 = Release|x86
	EndGlobalSection
	GlobalSection(ProjectConfigurationPlatforms) = postSolution
		{BAE7BAA9-83D5-4A3C-8FCD-67654168B960}.Debug|ARM.ActiveCfg = Debug|x64
		{BAE7BAA9-83D5-4A3C-8FCD-67654168B960}.Debug|ARM.Build.0 = Debug|x64
		{BAE7BAA9-83D5-4A3C-8FCD-67654168B960}.Debug|x64.ActiveCfg = Debug|x64
		{BAE7BAA9-83D5-4A3C-8FCD-67654168B960}.Debug|x64.Build.0 = Debug|x64
		{BAE7BAA9-83D5-4A3C-8FCD-67654168B960}.Debug|x86.ActiveCfg = Debug|Win32
		{BAE7BAA9-83D5-4A3C-8FCD-67654168B960}.Debug|x86.Build.0 = Debug|Win32
		{BAE7BAA9-83D5-4A3C-8FCD-67654168B960}.Release|ARM.ActiveCfg = Release|x64
		{BAE7BAA9-83D5-4A3C-8FCD-67654168B960}.Release|ARM.Build.0 = Release|x64
		{BAE7BAA9-83D5-4A3C-8FCD-67654168B960}.Release|x64.ActiveCfg = Release|x64
		{BAE7BAA9-83D5-4A3C-8FCD-67654168B960}.Release|x64.Build.0 = Release|x64
		{BAE7BAA9-83D5-4A3C-8FCD-67654168B960}.Release|x86.ActiveCfg = Release|Win32
		{BAE7BAA9-83D5-4A3C-8FCD-67654168B960}.Release|x86.Build.0 = Release|Win32
	EndGlobalSection
	GlobalSection(SolutionProperties) = preSolution
		HideSolutionNode = FALSE
	EndGlobalSection
EndGlobal
